
Microsoft Visual Studio Solution File, Format Version 12.00
# Visual Studio 14
VisualStudioVersion = 14.0.25420.1
MinimumVisualStudioVersion = 10.0.40219.1
Project("{2150E333-8FDC-42A3-9474-1A3956D46DE8}") = "HW01", "HW01", "{CB83638F-0247-4C77-93E0-5E68663C4F5E}"
EndProject
Project("{2150E333-8FDC-42A3-9474-1A3956D46DE8}") = "HW04", "HW04", "{410CE2C1-870D-45F1-838A-C56C899D8CF6}"
EndProject
Project("{FAE04EC0-301F-11D3-BF4B-00C04F79EFBC}") = "VAL.HW01.Task02", "VAL.HW01.Task02\VAL.HW01.Task02.csproj", "{D23C191C-4544-4E75-A07D-B195E5FFEA05}"
EndProject
Project("{FAE04EC0-301F-11D3-BF4B-00C04F79EFBC}") = "VAL.HW04.Task01", "VAL.HW04.Task01\VAL.HW04.Task01.csproj", "{171F9A8F-6CE2-40B4-8ED0-A6C2D0BF3F7A}"
EndProject
Project("{FAE04EC0-301F-11D3-BF4B-00C04F79EFBC}") = "VAL.HW04.Task02", "VAL.HW04.Task02\VAL.HW04.Task02.csproj", "{51DB3280-65D1-48C1-902A-D81C64651115}"
EndProject
Project("{2150E333-8FDC-42A3-9474-1A3956D46DE8}") = "HW05", "HW05", "{5761A0B9-AD1A-4411-A443-333B7E44EAAE}"
EndProject
Project("{FAE04EC0-301F-11D3-BF4B-00C04F79EFBC}") = "VAL.HW05.Task01.Factory", "VAL.HW05.Task01.Factory\VAL.HW05.Task01.Factory.csproj", "{CE4AC646-F9EA-4130-AA0C-3B4D8CE5E32B}"
EndProject
Project("{2150E333-8FDC-42A3-9474-1A3956D46DE8}") = "HW06", "HW06", "{47DAF474-C83A-4367-A963-5D953943E382}"
EndProject
Project("{FAE04EC0-301F-11D3-BF4B-00C04F79EFBC}") = "VAL.HW06.Task01.OOP.Inheritance", "VAL.HW06.Task01.OOP.Inheritance\VAL.HW06.Task01.OOP.Inheritance.csproj", "{15E51938-16E6-4AF4-93F2-C2D3BFC3ED21}"
EndProject
Project("{FAE04EC0-301F-11D3-BF4B-00C04F79EFBC}") = "VAL.HW06.Task02.DevicesChain", "VAL.HW06.Task02.DevicesChain\VAL.HW06.Task02.DevicesChain.csproj", "{21415B60-0F1B-473D-B021-01DABEA78B22}"
EndProject
Global
	GlobalSection(SolutionConfigurationPlatforms) = preSolution
		Debug|Any CPU = Debug|Any CPU
		Release|Any CPU = Release|Any CPU
	EndGlobalSection
	GlobalSection(ProjectConfigurationPlatforms) = postSolution
		{D23C191C-4544-4E75-A07D-B195E5FFEA05}.Debug|Any CPU.ActiveCfg = Debug|Any CPU
		{D23C191C-4544-4E75-A07D-B195E5FFEA05}.Debug|Any CPU.Build.0 = Debug|Any CPU
		{D23C191C-4544-4E75-A07D-B195E5FFEA05}.Release|Any CPU.ActiveCfg = Release|Any CPU
		{D23C191C-4544-4E75-A07D-B195E5FFEA05}.Release|Any CPU.Build.0 = Release|Any CPU
		{171F9A8F-6CE2-40B4-8ED0-A6C2D0BF3F7A}.Debug|Any CPU.ActiveCfg = Debug|Any CPU
		{171F9A8F-6CE2-40B4-8ED0-A6C2D0BF3F7A}.Debug|Any CPU.Build.0 = Debug|Any CPU
		{171F9A8F-6CE2-40B4-8ED0-A6C2D0BF3F7A}.Release|Any CPU.ActiveCfg = Release|Any CPU
		{171F9A8F-6CE2-40B4-8ED0-A6C2D0BF3F7A}.Release|Any CPU.Build.0 = Release|Any CPU
		{51DB3280-65D1-48C1-902A-D81C64651115}.Debug|Any CPU.ActiveCfg = Debug|Any CPU
		{51DB3280-65D1-48C1-902A-D81C64651115}.Debug|Any CPU.Build.0 = Debug|Any CPU
		{51DB3280-65D1-48C1-902A-D81C64651115}.Release|Any CPU.ActiveCfg = Release|Any CPU
		{51DB3280-65D1-48C1-902A-D81C64651115}.Release|Any CPU.Build.0 = Release|Any CPU
		{CE4AC646-F9EA-4130-AA0C-3B4D8CE5E32B}.Debug|Any CPU.ActiveCfg = Debug|Any CPU
		{CE4AC646-F9EA-4130-AA0C-3B4D8CE5E32B}.Debug|Any CPU.Build.0 = Debug|Any CPU
		{CE4AC646-F9EA-4130-AA0C-3B4D8CE5E32B}.Release|Any CPU.ActiveCfg = Release|Any CPU
		{CE4AC646-F9EA-4130-AA0C-3B4D8CE5E32B}.Release|Any CPU.Build.0 = Release|Any CPU
		{15E51938-16E6-4AF4-93F2-C2D3BFC3ED21}.Debug|Any CPU.ActiveCfg = Debug|Any CPU
		{15E51938-16E6-4AF4-93F2-C2D3BFC3ED21}.Debug|Any CPU.Build.0 = Debug|Any CPU
		{15E51938-16E6-4AF4-93F2-C2D3BFC3ED21}.Release|Any CPU.ActiveCfg = Release|Any CPU
		{15E51938-16E6-4AF4-93F2-C2D3BFC3ED21}.Release|Any CPU.Build.0 = Release|Any CPU
		{21415B60-0F1B-473D-B021-01DABEA78B22}.Debug|Any CPU.ActiveCfg = Debug|Any CPU
		{21415B60-0F1B-473D-B021-01DABEA78B22}.Debug|Any CPU.Build.0 = Debug|Any CPU
		{21415B60-0F1B-473D-B021-01DABEA78B22}.Release|Any CPU.ActiveCfg = Release|Any CPU
		{21415B60-0F1B-473D-B021-01DABEA78B22}.Release|Any CPU.Build.0 = Release|Any CPU
	EndGlobalSection
	GlobalSection(SolutionProperties) = preSolution
		HideSolutionNode = FALSE
	EndGlobalSection
	GlobalSection(NestedProjects) = preSolution
		{D23C191C-4544-4E75-A07D-B195E5FFEA05} = {CB83638F-0247-4C77-93E0-5E68663C4F5E}
		{171F9A8F-6CE2-40B4-8ED0-A6C2D0BF3F7A} = {410CE2C1-870D-45F1-838A-C56C899D8CF6}
		{51DB3280-65D1-48C1-902A-D81C64651115} = {410CE2C1-870D-45F1-838A-C56C899D8CF6}
		{CE4AC646-F9EA-4130-AA0C-3B4D8CE5E32B} = {5761A0B9-AD1A-4411-A443-333B7E44EAAE}
		{15E51938-16E6-4AF4-93F2-C2D3BFC3ED21} = {47DAF474-C83A-4367-A963-5D953943E382}
		{21415B60-0F1B-473D-B021-01DABEA78B22} = {47DAF474-C83A-4367-A963-5D953943E382}
	EndGlobalSection
EndGlobal
